// !$*UTF8*$!
{
	archiveVersion = 1;
	classes = {
	};
	objectVersion = 46;
	objects = {

/* Begin PBXBuildFile section */
		5114DBC92074D52700595DC0 /* PutData.cpp in Sources */ = {isa = PBXBuildFile; fileRef = 5114DBC72074D52700595DC0 /* PutData.cpp */; };
		5114DBCC2074D5E300595DC0 /* ScanData.cpp in Sources */ = {isa = PBXBuildFile; fileRef = 5114DBCA2074D5E300595DC0 /* ScanData.cpp */; };
		5184E01C20722CBB00AE16A2 /* main.cpp in Sources */ = {isa = PBXBuildFile; fileRef = 5184E01B20722CBB00AE16A2 /* main.cpp */; };
		5184E06220722CEB00AE16A2 /* Cell.cpp in Sources */ = {isa = PBXBuildFile; fileRef = 5184E02320722CEB00AE16A2 /* Cell.cpp */; };
		5184E06320722CEB00AE16A2 /* Chunk.cpp in Sources */ = {isa = PBXBuildFile; fileRef = 5184E02520722CEB00AE16A2 /* Chunk.cpp */; };
		5184E06420722CEB00AE16A2 /* ChunkCell.cpp in Sources */ = {isa = PBXBuildFile; fileRef = 5184E02720722CEB00AE16A2 /* ChunkCell.cpp */; };
		5184E06520722CEB00AE16A2 /* ChunkInt.cpp in Sources */ = {isa = PBXBuildFile; fileRef = 5184E02920722CEB00AE16A2 /* ChunkInt.cpp */; };
		5184E06720722CEB00AE16A2 /* Compactor.cpp in Sources */ = {isa = PBXBuildFile; fileRef = 5184E02D20722CEB00AE16A2 /* Compactor.cpp */; };
		5184E06820722CEB00AE16A2 /* CompactorImpl.cpp in Sources */ = {isa = PBXBuildFile; fileRef = 5184E02F20722CEB00AE16A2 /* CompactorImpl.cpp */; };
		5184E06A20722CEB00AE16A2 /* DebugStats.cpp in Sources */ = {isa = PBXBuildFile; fileRef = 5184E03320722CEB00AE16A2 /* DebugStats.cpp */; };
		5184E06B20722CEB00AE16A2 /* KiWi.cpp in Sources */ = {isa = PBXBuildFile; fileRef = 5184E03620722CEB00AE16A2 /* KiWi.cpp */; };
		5184E06C20722CEB00AE16A2 /* KiWiMap.cpp in Sources */ = {isa = PBXBuildFile; fileRef = 5184E03820722CEB00AE16A2 /* KiWiMap.cpp */; };
		5184E06D20722CEB00AE16A2 /* KiWiMapChunkProf.cpp in Sources */ = {isa = PBXBuildFile; fileRef = 5184E03A20722CEB00AE16A2 /* KiWiMapChunkProf.cpp */; };
		5184E06E20722CEB00AE16A2 /* KiWiMapVLK.cpp in Sources */ = {isa = PBXBuildFile; fileRef = 5184E03C20722CEB00AE16A2 /* KiWiMapVLK.cpp */; };
		5184E06F20722CEB00AE16A2 /* MultiChunkIterator.cpp in Sources */ = {isa = PBXBuildFile; fileRef = 5184E03E20722CEB00AE16A2 /* MultiChunkIterator.cpp */; };
		5184E07020722CEB00AE16A2 /* Parameters.cpp in Sources */ = {isa = PBXBuildFile; fileRef = 5184E04020722CEB00AE16A2 /* Parameters.cpp */; };
		5184E07120722CEB00AE16A2 /* Rebalancer.cpp in Sources */ = {isa = PBXBuildFile; fileRef = 5184E04220722CEB00AE16A2 /* Rebalancer.cpp */; };
		5184E07220722CEB00AE16A2 /* ScanIndex.cpp in Sources */ = {isa = PBXBuildFile; fileRef = 5184E04420722CEB00AE16A2 /* ScanIndex.cpp */; };
		5184E07320722CEB00AE16A2 /* ScanIterator.cpp in Sources */ = {isa = PBXBuildFile; fileRef = 5184E04620722CEB00AE16A2 /* ScanIterator.cpp */; };
		5184E07520722CEB00AE16A2 /* CombinedGenerator.cpp in Sources */ = {isa = PBXBuildFile; fileRef = 5184E04D20722CEB00AE16A2 /* CombinedGenerator.cpp */; };
		5184E07620722CEB00AE16A2 /* CounterGenerator.cpp in Sources */ = {isa = PBXBuildFile; fileRef = 5184E04F20722CEB00AE16A2 /* CounterGenerator.cpp */; };
		5184E07720722CEB00AE16A2 /* Generator.cpp in Sources */ = {isa = PBXBuildFile; fileRef = 5184E05220722CEB00AE16A2 /* Generator.cpp */; };
		5184E07820722CEB00AE16A2 /* IntegerGenerator.cpp in Sources */ = {isa = PBXBuildFile; fileRef = 5184E05420722CEB00AE16A2 /* IntegerGenerator.cpp */; };
		5184E07A20722CEB00AE16A2 /* ScrambledZipfianGenerator.cpp in Sources */ = {isa = PBXBuildFile; fileRef = 5184E05820722CEB00AE16A2 /* ScrambledZipfianGenerator.cpp */; };
		5184E07B20722CEB00AE16A2 /* SkewedLatestGenerator.cpp in Sources */ = {isa = PBXBuildFile; fileRef = 5184E05A20722CEB00AE16A2 /* SkewedLatestGenerator.cpp */; };
		5184E07C20722CEB00AE16A2 /* UniqueRandomIntGenerator.cpp in Sources */ = {isa = PBXBuildFile; fileRef = 5184E05C20722CEB00AE16A2 /* UniqueRandomIntGenerator.cpp */; };
		5184E07D20722CEB00AE16A2 /* Utils.cpp in Sources */ = {isa = PBXBuildFile; fileRef = 5184E05E20722CEB00AE16A2 /* Utils.cpp */; };
		5184E07E20722CEB00AE16A2 /* ZipfianGenerator.cpp in Sources */ = {isa = PBXBuildFile; fileRef = 5184E06020722CEB00AE16A2 /* ZipfianGenerator.cpp */; };
/* End PBXBuildFile section */

/* Begin PBXCopyFilesBuildPhase section */
		5184E01620722CBB00AE16A2 /* CopyFiles */ = {
			isa = PBXCopyFilesBuildPhase;
			buildActionMask = 2147483647;
			dstPath = /usr/share/man/man1/;
			dstSubfolderSpec = 0;
			files = (
			);
			runOnlyForDeploymentPostprocessing = 1;
		};
/* End PBXCopyFilesBuildPhase section */

/* Begin PBXFileReference section */
		5114DBC72074D52700595DC0 /* PutData.cpp */ = {isa = PBXFileReference; fileEncoding = 4; lastKnownFileType = sourcecode.cpp.cpp; path = PutData.cpp; sourceTree = "<group>"; };
		5114DBC82074D52700595DC0 /* PutData.h */ = {isa = PBXFileReference; fileEncoding = 4; lastKnownFileType = sourcecode.c.h; path = PutData.h; sourceTree = "<group>"; };
		5114DBCA2074D5E300595DC0 /* ScanData.cpp */ = {isa = PBXFileReference; fileEncoding = 4; lastKnownFileType = sourcecode.cpp.cpp; path = ScanData.cpp; sourceTree = "<group>"; };
		5114DBCB2074D5E300595DC0 /* ScanData.h */ = {isa = PBXFileReference; fileEncoding = 4; lastKnownFileType = sourcecode.c.h; path = ScanData.h; sourceTree = "<group>"; };
		5114DBCE2075425300595DC0 /* makefile */ = {isa = PBXFileReference; fileEncoding = 4; lastKnownFileType = sourcecode.make; path = makefile; sourceTree = "<group>"; };
		5184E01820722CBB00AE16A2 /* KiWi */ = {isa = PBXFileReference; explicitFileType = "compiled.mach-o.executable"; includeInIndex = 0; path = KiWi; sourceTree = BUILT_PRODUCTS_DIR; };
		5184E01B20722CBB00AE16A2 /* main.cpp */ = {isa = PBXFileReference; lastKnownFileType = sourcecode.cpp.cpp; path = main.cpp; sourceTree = "<group>"; };
		5184E02320722CEB00AE16A2 /* Cell.cpp */ = {isa = PBXFileReference; fileEncoding = 4; lastKnownFileType = sourcecode.cpp.cpp; path = Cell.cpp; sourceTree = "<group>"; };
		5184E02420722CEB00AE16A2 /* Cell.h */ = {isa = PBXFileReference; fileEncoding = 4; lastKnownFileType = sourcecode.c.h; path = Cell.h; sourceTree = "<group>"; };
		5184E02520722CEB00AE16A2 /* Chunk.cpp */ = {isa = PBXFileReference; fileEncoding = 4; lastKnownFileType = sourcecode.cpp.cpp; path = Chunk.cpp; sourceTree = "<group>"; };
		5184E02620722CEB00AE16A2 /* Chunk.h */ = {isa = PBXFileReference; fileEncoding = 4; lastKnownFileType = sourcecode.c.h; path = Chunk.h; sourceTree = "<group>"; };
		5184E02720722CEB00AE16A2 /* ChunkCell.cpp */ = {isa = PBXFileReference; fileEncoding = 4; lastKnownFileType = sourcecode.cpp.cpp; path = ChunkCell.cpp; sourceTree = "<group>"; };
		5184E02820722CEB00AE16A2 /* ChunkCell.h */ = {isa = PBXFileReference; fileEncoding = 4; lastKnownFileType = sourcecode.c.h; path = ChunkCell.h; sourceTree = "<group>"; };
		5184E02920722CEB00AE16A2 /* ChunkInt.cpp */ = {isa = PBXFileReference; fileEncoding = 4; lastKnownFileType = sourcecode.cpp.cpp; path = ChunkInt.cpp; sourceTree = "<group>"; };
		5184E02A20722CEB00AE16A2 /* ChunkInt.h */ = {isa = PBXFileReference; fileEncoding = 4; lastKnownFileType = sourcecode.c.h; path = ChunkInt.h; sourceTree = "<group>"; };
		5184E02C20722CEB00AE16A2 /* ChunkIterator.h */ = {isa = PBXFileReference; fileEncoding = 4; lastKnownFileType = sourcecode.c.h; path = ChunkIterator.h; sourceTree = "<group>"; };
		5184E02D20722CEB00AE16A2 /* Compactor.cpp */ = {isa = PBXFileReference; fileEncoding = 4; lastKnownFileType = sourcecode.cpp.cpp; path = Compactor.cpp; sourceTree = "<group>"; };
		5184E02E20722CEB00AE16A2 /* Compactor.h */ = {isa = PBXFileReference; fileEncoding = 4; lastKnownFileType = sourcecode.c.h; path = Compactor.h; sourceTree = "<group>"; };
		5184E02F20722CEB00AE16A2 /* CompactorImpl.cpp */ = {isa = PBXFileReference; fileEncoding = 4; lastKnownFileType = sourcecode.cpp.cpp; path = CompactorImpl.cpp; sourceTree = "<group>"; };
		5184E03020722CEB00AE16A2 /* CompactorImpl.h */ = {isa = PBXFileReference; fileEncoding = 4; lastKnownFileType = sourcecode.c.h; path = CompactorImpl.h; sourceTree = "<group>"; };
		5184E03220722CEB00AE16A2 /* CompositionalMap.h */ = {isa = PBXFileReference; fileEncoding = 4; lastKnownFileType = sourcecode.c.h; path = CompositionalMap.h; sourceTree = "<group>"; };
		5184E03320722CEB00AE16A2 /* DebugStats.cpp */ = {isa = PBXFileReference; fileEncoding = 4; lastKnownFileType = sourcecode.cpp.cpp; path = DebugStats.cpp; sourceTree = "<group>"; };
		5184E03420722CEB00AE16A2 /* DebugStats.h */ = {isa = PBXFileReference; fileEncoding = 4; lastKnownFileType = sourcecode.c.h; path = DebugStats.h; sourceTree = "<group>"; };
		5184E03620722CEB00AE16A2 /* KiWi.cpp */ = {isa = PBXFileReference; fileEncoding = 4; lastKnownFileType = sourcecode.cpp.cpp; path = KiWi.cpp; sourceTree = "<group>"; };
		5184E03720722CEB00AE16A2 /* KiWi.h */ = {isa = PBXFileReference; fileEncoding = 4; lastKnownFileType = sourcecode.c.h; path = KiWi.h; sourceTree = "<group>"; };
		5184E03820722CEB00AE16A2 /* KiWiMap.cpp */ = {isa = PBXFileReference; fileEncoding = 4; lastKnownFileType = sourcecode.cpp.cpp; path = KiWiMap.cpp; sourceTree = "<group>"; };
		5184E03920722CEB00AE16A2 /* KiWiMap.h */ = {isa = PBXFileReference; fileEncoding = 4; lastKnownFileType = sourcecode.c.h; path = KiWiMap.h; sourceTree = "<group>"; };
		5184E03A20722CEB00AE16A2 /* KiWiMapChunkProf.cpp */ = {isa = PBXFileReference; fileEncoding = 4; lastKnownFileType = sourcecode.cpp.cpp; path = KiWiMapChunkProf.cpp; sourceTree = "<group>"; };
		5184E03B20722CEB00AE16A2 /* KiWiMapChunkProf.h */ = {isa = PBXFileReference; fileEncoding = 4; lastKnownFileType = sourcecode.c.h; path = KiWiMapChunkProf.h; sourceTree = "<group>"; };
		5184E03C20722CEB00AE16A2 /* KiWiMapVLK.cpp */ = {isa = PBXFileReference; fileEncoding = 4; lastKnownFileType = sourcecode.cpp.cpp; path = KiWiMapVLK.cpp; sourceTree = "<group>"; };
		5184E03D20722CEB00AE16A2 /* KiWiMapVLK.h */ = {isa = PBXFileReference; fileEncoding = 4; lastKnownFileType = sourcecode.c.h; path = KiWiMapVLK.h; sourceTree = "<group>"; };
		5184E03E20722CEB00AE16A2 /* MultiChunkIterator.cpp */ = {isa = PBXFileReference; fileEncoding = 4; lastKnownFileType = sourcecode.cpp.cpp; path = MultiChunkIterator.cpp; sourceTree = "<group>"; };
		5184E03F20722CEB00AE16A2 /* MultiChunkIterator.h */ = {isa = PBXFileReference; fileEncoding = 4; lastKnownFileType = sourcecode.c.h; path = MultiChunkIterator.h; sourceTree = "<group>"; };
		5184E04020722CEB00AE16A2 /* Parameters.cpp */ = {isa = PBXFileReference; fileEncoding = 4; lastKnownFileType = sourcecode.cpp.cpp; path = Parameters.cpp; sourceTree = "<group>"; };
		5184E04120722CEB00AE16A2 /* Parameters.h */ = {isa = PBXFileReference; fileEncoding = 4; lastKnownFileType = sourcecode.c.h; path = Parameters.h; sourceTree = "<group>"; };
		5184E04220722CEB00AE16A2 /* Rebalancer.cpp */ = {isa = PBXFileReference; fileEncoding = 4; lastKnownFileType = sourcecode.cpp.cpp; path = Rebalancer.cpp; sourceTree = "<group>"; };
		5184E04320722CEB00AE16A2 /* Rebalancer.h */ = {isa = PBXFileReference; fileEncoding = 4; lastKnownFileType = sourcecode.c.h; path = Rebalancer.h; sourceTree = "<group>"; };
		5184E04420722CEB00AE16A2 /* ScanIndex.cpp */ = {isa = PBXFileReference; fileEncoding = 4; lastKnownFileType = sourcecode.cpp.cpp; path = ScanIndex.cpp; sourceTree = "<group>"; };
		5184E04520722CEB00AE16A2 /* ScanIndex.h */ = {isa = PBXFileReference; fileEncoding = 4; lastKnownFileType = sourcecode.c.h; path = ScanIndex.h; sourceTree = "<group>"; };
		5184E04620722CEB00AE16A2 /* ScanIterator.cpp */ = {isa = PBXFileReference; fileEncoding = 4; lastKnownFileType = sourcecode.cpp.cpp; path = ScanIterator.cpp; sourceTree = "<group>"; };
		5184E04720722CEB00AE16A2 /* ScanIterator.h */ = {isa = PBXFileReference; fileEncoding = 4; lastKnownFileType = sourcecode.c.h; path = ScanIterator.h; sourceTree = "<group>"; };
		5184E04820722CEB00AE16A2 /* stringbuilder.h */ = {isa = PBXFileReference; fileEncoding = 4; lastKnownFileType = sourcecode.c.h; path = stringbuilder.h; sourceTree = "<group>"; };
		5184E04920722CEB00AE16A2 /* tangible_filesystem.h */ = {isa = PBXFileReference; fileEncoding = 4; lastKnownFileType = sourcecode.c.h; path = tangible_filesystem.h; sourceTree = "<group>"; };
		5184E04D20722CEB00AE16A2 /* CombinedGenerator.cpp */ = {isa = PBXFileReference; fileEncoding = 4; lastKnownFileType = sourcecode.cpp.cpp; path = CombinedGenerator.cpp; sourceTree = "<group>"; };
		5184E04E20722CEB00AE16A2 /* CombinedGenerator.h */ = {isa = PBXFileReference; fileEncoding = 4; lastKnownFileType = sourcecode.c.h; path = CombinedGenerator.h; sourceTree = "<group>"; };
		5184E04F20722CEB00AE16A2 /* CounterGenerator.cpp */ = {isa = PBXFileReference; fileEncoding = 4; lastKnownFileType = sourcecode.cpp.cpp; path = CounterGenerator.cpp; sourceTree = "<group>"; };
		5184E05020722CEB00AE16A2 /* CounterGenerator.h */ = {isa = PBXFileReference; fileEncoding = 4; lastKnownFileType = sourcecode.c.h; path = CounterGenerator.h; sourceTree = "<group>"; };
		5184E05120722CEB00AE16A2 /* exceptionhelper.h */ = {isa = PBXFileReference; fileEncoding = 4; lastKnownFileType = sourcecode.c.h; path = exceptionhelper.h; sourceTree = "<group>"; };
		5184E05220722CEB00AE16A2 /* Generator.cpp */ = {isa = PBXFileReference; fileEncoding = 4; lastKnownFileType = sourcecode.cpp.cpp; path = Generator.cpp; sourceTree = "<group>"; };
		5184E05320722CEB00AE16A2 /* Generator.h */ = {isa = PBXFileReference; fileEncoding = 4; lastKnownFileType = sourcecode.c.h; path = Generator.h; sourceTree = "<group>"; };
		5184E05420722CEB00AE16A2 /* IntegerGenerator.cpp */ = {isa = PBXFileReference; fileEncoding = 4; lastKnownFileType = sourcecode.cpp.cpp; path = IntegerGenerator.cpp; sourceTree = "<group>"; };
		5184E05520722CEB00AE16A2 /* IntegerGenerator.h */ = {isa = PBXFileReference; fileEncoding = 4; lastKnownFileType = sourcecode.c.h; path = IntegerGenerator.h; sourceTree = "<group>"; };
		5184E05820722CEB00AE16A2 /* ScrambledZipfianGenerator.cpp */ = {isa = PBXFileReference; fileEncoding = 4; lastKnownFileType = sourcecode.cpp.cpp; path = ScrambledZipfianGenerator.cpp; sourceTree = "<group>"; };
		5184E05920722CEB00AE16A2 /* ScrambledZipfianGenerator.h */ = {isa = PBXFileReference; fileEncoding = 4; lastKnownFileType = sourcecode.c.h; path = ScrambledZipfianGenerator.h; sourceTree = "<group>"; };
		5184E05A20722CEB00AE16A2 /* SkewedLatestGenerator.cpp */ = {isa = PBXFileReference; fileEncoding = 4; lastKnownFileType = sourcecode.cpp.cpp; path = SkewedLatestGenerator.cpp; sourceTree = "<group>"; };
		5184E05B20722CEB00AE16A2 /* SkewedLatestGenerator.h */ = {isa = PBXFileReference; fileEncoding = 4; lastKnownFileType = sourcecode.c.h; path = SkewedLatestGenerator.h; sourceTree = "<group>"; };
		5184E05C20722CEB00AE16A2 /* UniqueRandomIntGenerator.cpp */ = {isa = PBXFileReference; fileEncoding = 4; lastKnownFileType = sourcecode.cpp.cpp; path = UniqueRandomIntGenerator.cpp; sourceTree = "<group>"; };
		5184E05D20722CEB00AE16A2 /* UniqueRandomIntGenerator.h */ = {isa = PBXFileReference; fileEncoding = 4; lastKnownFileType = sourcecode.c.h; path = UniqueRandomIntGenerator.h; sourceTree = "<group>"; };
		5184E05E20722CEB00AE16A2 /* Utils.cpp */ = {isa = PBXFileReference; fileEncoding = 4; lastKnownFileType = sourcecode.cpp.cpp; path = Utils.cpp; sourceTree = "<group>"; };
		5184E05F20722CEB00AE16A2 /* Utils.h */ = {isa = PBXFileReference; fileEncoding = 4; lastKnownFileType = sourcecode.c.h; path = Utils.h; sourceTree = "<group>"; };
		5184E06020722CEB00AE16A2 /* ZipfianGenerator.cpp */ = {isa = PBXFileReference; fileEncoding = 4; lastKnownFileType = sourcecode.cpp.cpp; path = ZipfianGenerator.cpp; sourceTree = "<group>"; };
		5184E06120722CEB00AE16A2 /* ZipfianGenerator.h */ = {isa = PBXFileReference; fileEncoding = 4; lastKnownFileType = sourcecode.c.h; path = ZipfianGenerator.h; sourceTree = "<group>"; };
		5184E0802072D71F00AE16A2 /* MarkableReference.h */ = {isa = PBXFileReference; fileEncoding = 4; lastKnownFileType = sourcecode.c.h; path = MarkableReference.h; sourceTree = "<group>"; };
		51D99B56207F290C004A7113 /* WorkListHelpers.h */ = {isa = PBXFileReference; fileEncoding = 4; lastKnownFileType = sourcecode.c.h; path = WorkListHelpers.h; sourceTree = "<group>"; };
/* End PBXFileReference section */

/* Begin PBXFrameworksBuildPhase section */
		5184E01520722CBB00AE16A2 /* Frameworks */ = {
			isa = PBXFrameworksBuildPhase;
			buildActionMask = 2147483647;
			files = (
			);
			runOnlyForDeploymentPostprocessing = 0;
		};
/* End PBXFrameworksBuildPhase section */

/* Begin PBXGroup section */
		5184E00F20722CBB00AE16A2 = {
			isa = PBXGroup;
			children = (
				5184E01A20722CBB00AE16A2 /* KiWi */,
				5184E01920722CBB00AE16A2 /* Products */,
			);
			sourceTree = "<group>";
		};
		5184E01920722CBB00AE16A2 /* Products */ = {
			isa = PBXGroup;
			children = (
				5184E01820722CBB00AE16A2 /* KiWi */,
			);
			name = Products;
			sourceTree = "<group>";
		};
		5184E01A20722CBB00AE16A2 /* KiWi */ = {
			isa = PBXGroup;
			children = (
				51D99B55207F290C004A7113 /* galios-utils */,
				5114DBCE2075425300595DC0 /* makefile */,
				5184E02220722CEB00AE16A2 /* kiwi */,
				5184E04C20722CEB00AE16A2 /* util */,
				5184E01B20722CBB00AE16A2 /* main.cpp */,
			);
			path = KiWi;
			sourceTree = "<group>";
		};
		5184E02220722CEB00AE16A2 /* kiwi */ = {
			isa = PBXGroup;
			children = (
				5184E02320722CEB00AE16A2 /* Cell.cpp */,
				5184E02420722CEB00AE16A2 /* Cell.h */,
				5184E02520722CEB00AE16A2 /* Chunk.cpp */,
				5184E02620722CEB00AE16A2 /* Chunk.h */,
				5184E02720722CEB00AE16A2 /* ChunkCell.cpp */,
				5184E02820722CEB00AE16A2 /* ChunkCell.h */,
				5184E02920722CEB00AE16A2 /* ChunkInt.cpp */,
				5184E02A20722CEB00AE16A2 /* ChunkInt.h */,
				5184E02C20722CEB00AE16A2 /* ChunkIterator.h */,
				5184E02D20722CEB00AE16A2 /* Compactor.cpp */,
				5184E02E20722CEB00AE16A2 /* Compactor.h */,
				5184E02F20722CEB00AE16A2 /* CompactorImpl.cpp */,
				5184E03020722CEB00AE16A2 /* CompactorImpl.h */,
				5184E03220722CEB00AE16A2 /* CompositionalMap.h */,
				5184E03320722CEB00AE16A2 /* DebugStats.cpp */,
				5184E03420722CEB00AE16A2 /* DebugStats.h */,
				5184E03620722CEB00AE16A2 /* KiWi.cpp */,
				5184E03720722CEB00AE16A2 /* KiWi.h */,
				5184E03820722CEB00AE16A2 /* KiWiMap.cpp */,
				5184E03920722CEB00AE16A2 /* KiWiMap.h */,
				5184E03A20722CEB00AE16A2 /* KiWiMapChunkProf.cpp */,
				5184E03B20722CEB00AE16A2 /* KiWiMapChunkProf.h */,
				5184E03C20722CEB00AE16A2 /* KiWiMapVLK.cpp */,
				5184E03D20722CEB00AE16A2 /* KiWiMapVLK.h */,
				5184E03E20722CEB00AE16A2 /* MultiChunkIterator.cpp */,
				5184E03F20722CEB00AE16A2 /* MultiChunkIterator.h */,
				5184E04020722CEB00AE16A2 /* Parameters.cpp */,
				5184E04120722CEB00AE16A2 /* Parameters.h */,
				5184E04220722CEB00AE16A2 /* Rebalancer.cpp */,
				5184E04320722CEB00AE16A2 /* Rebalancer.h */,
				5184E04420722CEB00AE16A2 /* ScanIndex.cpp */,
				5184E04520722CEB00AE16A2 /* ScanIndex.h */,
				5184E04620722CEB00AE16A2 /* ScanIterator.cpp */,
				5184E04720722CEB00AE16A2 /* ScanIterator.h */,
				5184E04820722CEB00AE16A2 /* stringbuilder.h */,
				5184E04920722CEB00AE16A2 /* tangible_filesystem.h */,
				5114DBC72074D52700595DC0 /* PutData.cpp */,
				5114DBC82074D52700595DC0 /* PutData.h */,
				5114DBCA2074D5E300595DC0 /* ScanData.cpp */,
				5114DBCB2074D5E300595DC0 /* ScanData.h */,
			);
			path = kiwi;
			sourceTree = "<group>";
		};
		5184E04C20722CEB00AE16A2 /* util */ = {
			isa = PBXGroup;
			children = (
				5184E04D20722CEB00AE16A2 /* CombinedGenerator.cpp */,
				5184E04E20722CEB00AE16A2 /* CombinedGenerator.h */,
				5184E04F20722CEB00AE16A2 /* CounterGenerator.cpp */,
				5184E05020722CEB00AE16A2 /* CounterGenerator.h */,
				5184E05120722CEB00AE16A2 /* exceptionhelper.h */,
				5184E05220722CEB00AE16A2 /* Generator.cpp */,
				5184E05320722CEB00AE16A2 /* Generator.h */,
				5184E05420722CEB00AE16A2 /* IntegerGenerator.cpp */,
				5184E05520722CEB00AE16A2 /* IntegerGenerator.h */,
				5184E05820722CEB00AE16A2 /* ScrambledZipfianGenerator.cpp */,
				5184E05920722CEB00AE16A2 /* ScrambledZipfianGenerator.h */,
				5184E05A20722CEB00AE16A2 /* SkewedLatestGenerator.cpp */,
				5184E05B20722CEB00AE16A2 /* SkewedLatestGenerator.h */,
				5184E05C20722CEB00AE16A2 /* UniqueRandomIntGenerator.cpp */,
				5184E05D20722CEB00AE16A2 /* UniqueRandomIntGenerator.h */,
				5184E05E20722CEB00AE16A2 /* Utils.cpp */,
				5184E05F20722CEB00AE16A2 /* Utils.h */,
				5184E06020722CEB00AE16A2 /* ZipfianGenerator.cpp */,
				5184E06120722CEB00AE16A2 /* ZipfianGenerator.h */,
				5184E0802072D71F00AE16A2 /* MarkableReference.h */,
			);
			path = util;
			sourceTree = "<group>";
		};
		51D99B55207F290C004A7113 /* galios-utils */ = {
			isa = PBXGroup;
			children = (
				51D99B56207F290C004A7113 /* WorkListHelpers.h */,
			);
			path = "galios-utils";
			sourceTree = "<group>";
		};
/* End PBXGroup section */

/* Begin PBXNativeTarget section */
		5184E01720722CBB00AE16A2 /* KiWi */ = {
			isa = PBXNativeTarget;
			buildConfigurationList = 5184E01F20722CBB00AE16A2 /* Build configuration list for PBXNativeTarget "KiWi" */;
			buildPhases = (
				5184E01420722CBB00AE16A2 /* Sources */,
				5184E01520722CBB00AE16A2 /* Frameworks */,
				5184E01620722CBB00AE16A2 /* CopyFiles */,
			);
			buildRules = (
			);
			dependencies = (
			);
			name = KiWi;
			productName = KiWi;
			productReference = 5184E01820722CBB00AE16A2 /* KiWi */;
			productType = "com.apple.product-type.tool";
		};
/* End PBXNativeTarget section */

/* Begin PBXProject section */
		5184E01020722CBB00AE16A2 /* Project object */ = {
			isa = PBXProject;
			attributes = {
				LastUpgradeCheck = 0820;
				ORGANIZATIONNAME = "eitan mashiah";
				TargetAttributes = {
					5184E01720722CBB00AE16A2 = {
						CreatedOnToolsVersion = 8.2.1;
						ProvisioningStyle = Automatic;
					};
				};
			};
			buildConfigurationList = 5184E01320722CBB00AE16A2 /* Build configuration list for PBXProject "KiWi" */;
			compatibilityVersion = "Xcode 3.2";
			developmentRegion = English;
			hasScannedForEncodings = 0;
			knownRegions = (
				en,
			);
			mainGroup = 5184E00F20722CBB00AE16A2;
			productRefGroup = 5184E01920722CBB00AE16A2 /* Products */;
			projectDirPath = "";
			projectRoot = "";
			targets = (
				5184E01720722CBB00AE16A2 /* KiWi */,
			);
		};
/* End PBXProject section */

/* Begin PBXSourcesBuildPhase section */
		5184E01420722CBB00AE16A2 /* Sources */ = {
			isa = PBXSourcesBuildPhase;
			buildActionMask = 2147483647;
			files = (
				5184E06720722CEB00AE16A2 /* Compactor.cpp in Sources */,
				5184E07B20722CEB00AE16A2 /* SkewedLatestGenerator.cpp in Sources */,
				5184E07E20722CEB00AE16A2 /* ZipfianGenerator.cpp in Sources */,
				5184E07C20722CEB00AE16A2 /* UniqueRandomIntGenerator.cpp in Sources */,
				5184E07820722CEB00AE16A2 /* IntegerGenerator.cpp in Sources */,
				5184E01C20722CBB00AE16A2 /* main.cpp in Sources */,
				5184E07120722CEB00AE16A2 /* Rebalancer.cpp in Sources */,
				5184E07620722CEB00AE16A2 /* CounterGenerator.cpp in Sources */,
				5184E07220722CEB00AE16A2 /* ScanIndex.cpp in Sources */,
				5184E06E20722CEB00AE16A2 /* KiWiMapVLK.cpp in Sources */,
				5184E07020722CEB00AE16A2 /* Parameters.cpp in Sources */,
				5184E06C20722CEB00AE16A2 /* KiWiMap.cpp in Sources */,
				5184E07320722CEB00AE16A2 /* ScanIterator.cpp in Sources */,
				5114DBCC2074D5E300595DC0 /* ScanData.cpp in Sources */,
				5184E06F20722CEB00AE16A2 /* MultiChunkIterator.cpp in Sources */,
				5184E07D20722CEB00AE16A2 /* Utils.cpp in Sources */,
				5184E06320722CEB00AE16A2 /* Chunk.cpp in Sources */,
				5184E06D20722CEB00AE16A2 /* KiWiMapChunkProf.cpp in Sources */,
				5184E06820722CEB00AE16A2 /* CompactorImpl.cpp in Sources */,
				5184E07520722CEB00AE16A2 /* CombinedGenerator.cpp in Sources */,
				5184E06B20722CEB00AE16A2 /* KiWi.cpp in Sources */,
				5184E06220722CEB00AE16A2 /* Cell.cpp in Sources */,
				5184E06420722CEB00AE16A2 /* ChunkCell.cpp in Sources */,
				5184E06520722CEB00AE16A2 /* ChunkInt.cpp in Sources */,
				5184E07720722CEB00AE16A2 /* Generator.cpp in Sources */,
				5184E06A20722CEB00AE16A2 /* DebugStats.cpp in Sources */,
				5184E07A20722CEB00AE16A2 /* ScrambledZipfianGenerator.cpp in Sources */,
				5114DBC92074D52700595DC0 /* PutData.cpp in Sources */,
			);
			runOnlyForDeploymentPostprocessing = 0;
		};
/* End PBXSourcesBuildPhase section */

/* Begin XCBuildConfiguration section */
		5184E01D20722CBB00AE16A2 /* Debug */ = {
			isa = XCBuildConfiguration;
			buildSettings = {
				ALWAYS_SEARCH_USER_PATHS = NO;
				CLANG_ANALYZER_NONNULL = YES;
				CLANG_CXX_LANGUAGE_STANDARD = "gnu++0x";
				CLANG_CXX_LIBRARY = "libc++";
				CLANG_ENABLE_MODULES = YES;
				CLANG_ENABLE_OBJC_ARC = YES;
				CLANG_WARN_BOOL_CONVERSION = YES;
				CLANG_WARN_CONSTANT_CONVERSION = YES;
				CLANG_WARN_DIRECT_OBJC_ISA_USAGE = YES_ERROR;
				CLANG_WARN_DOCUMENTATION_COMMENTS = YES;
				CLANG_WARN_EMPTY_BODY = YES;
				CLANG_WARN_ENUM_CONVERSION = YES;
				CLANG_WARN_INFINITE_RECURSION = YES;
				CLANG_WARN_INT_CONVERSION = YES;
				CLANG_WARN_OBJC_ROOT_CLASS = YES_ERROR;
				CLANG_WARN_SUSPICIOUS_MOVE = YES;
				CLANG_WARN_UNREACHABLE_CODE = YES;
				CLANG_WARN__DUPLICATE_METHOD_MATCH = YES;
				CODE_SIGN_IDENTITY = "-";
				COPY_PHASE_STRIP = NO;
				DEBUG_INFORMATION_FORMAT = dwarf;
				ENABLE_STRICT_OBJC_MSGSEND = YES;
				ENABLE_TESTABILITY = YES;
				GCC_C_LANGUAGE_STANDARD = gnu99;
				GCC_DYNAMIC_NO_PIC = NO;
				GCC_NO_COMMON_BLOCKS = YES;
				GCC_OPTIMIZATION_LEVEL = 0;
				GCC_PREPROCESSOR_DEFINITIONS = (
					"DEBUG=1",
					"$(inherited)",
				);
				GCC_WARN_64_TO_32_BIT_CONVERSION = YES;
				GCC_WARN_ABOUT_RETURN_TYPE = YES_ERROR;
				GCC_WARN_UNDECLARED_SELECTOR = YES;
				GCC_WARN_UNINITIALIZED_AUTOS = YES_AGGRESSIVE;
				GCC_WARN_UNUSED_FUNCTION = YES;
				GCC_WARN_UNUSED_VARIABLE = YES;
				MACOSX_DEPLOYMENT_TARGET = 10.11;
				MTL_ENABLE_DEBUG_INFO = YES;
				ONLY_ACTIVE_ARCH = YES;
				SDKROOT = macosx;
			};
			name = Debug;
		};
		5184E01E20722CBB00AE16A2 /* Release */ = {
			isa = XCBuildConfiguration;
			buildSettings = {
				ALWAYS_SEARCH_USER_PATHS = NO;
				CLANG_ANALYZER_NONNULL = YES;
				CLANG_CXX_LANGUAGE_STANDARD = "gnu++0x";
				CLANG_CXX_LIBRARY = "libc++";
				CLANG_ENABLE_MODULES = YES;
				CLANG_ENABLE_OBJC_ARC = YES;
				CLANG_WARN_BOOL_CONVERSION = YES;
				CLANG_WARN_CONSTANT_CONVERSION = YES;
				CLANG_WARN_DIRECT_OBJC_ISA_USAGE = YES_ERROR;
				CLANG_WARN_DOCUMENTATION_COMMENTS = YES;
				CLANG_WARN_EMPTY_BODY = YES;
				CLANG_WARN_ENUM_CONVERSION = YES;
				CLANG_WARN_INFINITE_RECURSION = YES;
				CLANG_WARN_INT_CONVERSION = YES;
				CLANG_WARN_OBJC_ROOT_CLASS = YES_ERROR;
				CLANG_WARN_SUSPICIOUS_MOVE = YES;
				CLANG_WARN_UNREACHABLE_CODE = YES;
				CLANG_WARN__DUPLICATE_METHOD_MATCH = YES;
				CODE_SIGN_IDENTITY = "-";
				COPY_PHASE_STRIP = NO;
				DEBUG_INFORMATION_FORMAT = "dwarf-with-dsym";
				ENABLE_NS_ASSERTIONS = NO;
				ENABLE_STRICT_OBJC_MSGSEND = YES;
				GCC_C_LANGUAGE_STANDARD = gnu99;
				GCC_NO_COMMON_BLOCKS = YES;
				GCC_WARN_64_TO_32_BIT_CONVERSION = YES;
				GCC_WARN_ABOUT_RETURN_TYPE = YES_ERROR;
				GCC_WARN_UNDECLARED_SELECTOR = YES;
				GCC_WARN_UNINITIALIZED_AUTOS = YES_AGGRESSIVE;
				GCC_WARN_UNUSED_FUNCTION = YES;
				GCC_WARN_UNUSED_VARIABLE = YES;
				MACOSX_DEPLOYMENT_TARGET = 10.11;
				MTL_ENABLE_DEBUG_INFO = NO;
				SDKROOT = macosx;
			};
			name = Release;
		};
		5184E02020722CBB00AE16A2 /* Debug */ = {
			isa = XCBuildConfiguration;
			buildSettings = {
				ALWAYS_SEARCH_USER_PATHS = YES;
				HEADER_SEARCH_PATHS = /usr/local/include/;
				LIBRARY_SEARCH_PATHS = (
					/usr/local/lib/,
					"${PROJECT_DIR}",
				);
				PRODUCT_NAME = "$(TARGET_NAME)";
			};
			name = Debug;
		};
		5184E02120722CBB00AE16A2 /* Release */ = {
			isa = XCBuildConfiguration;
			buildSettings = {
				ALWAYS_SEARCH_USER_PATHS = YES;
				HEADER_SEARCH_PATHS = /usr/local/include/;
				LIBRARY_SEARCH_PATHS = (
					/usr/local/lib/,
					"${PROJECT_DIR}",
				);
				PRODUCT_NAME = "$(TARGET_NAME)";
			};
			name = Release;
		};
/* End XCBuildConfiguration section */

/* Begin XCConfigurationList section */
		5184E01320722CBB00AE16A2 /* Build configuration list for PBXProject "KiWi" */ = {
			isa = XCConfigurationList;
			buildConfigurations = (
				5184E01D20722CBB00AE16A2 /* Debug */,
				5184E01E20722CBB00AE16A2 /* Release */,
			);
			defaultConfigurationIsVisible = 0;
			defaultConfigurationName = Release;
		};
		5184E01F20722CBB00AE16A2 /* Build configuration list for PBXNativeTarget "KiWi" */ = {
			isa = XCConfigurationList;
			buildConfigurations = (
				5184E02020722CBB00AE16A2 /* Debug */,
				5184E02120722CBB00AE16A2 /* Release */,
			);
			defaultConfigurationIsVisible = 0;
			defaultConfigurationName = Release;
		};
/* End XCConfigurationList section */
	};
	rootObject = 5184E01020722CBB00AE16A2 /* Project object */;
}
